// !$*UTF8*$!
{
	archiveVersion = 1;
	classes = {
	};
	objectVersion = 56;
	objects = {

/* Begin PBXBuildFile section */
		4107787E2BE16EC700CCBC09 /* QTUtility.swift in Sources */ = {isa = PBXBuildFile; fileRef = 4107787D2BE16EC700CCBC09 /* QTUtility.swift */; };
		410FE2852BE7C20D007F9248 /* QTCtts.swift in Sources */ = {isa = PBXBuildFile; fileRef = 410FE2842BE7C20D007F9248 /* QTCtts.swift */; };
		410FE2872BE7C3AD007F9248 /* QTStss.swift in Sources */ = {isa = PBXBuildFile; fileRef = 410FE2862BE7C3AD007F9248 /* QTStss.swift */; };
		414AB7B02BE5624D00AFD126 /* QTMeta.swift in Sources */ = {isa = PBXBuildFile; fileRef = 414AB7AF2BE5624D00AFD126 /* QTMeta.swift */; };
		414AB7B22BE5637100AFD126 /* QTUuid.swift in Sources */ = {isa = PBXBuildFile; fileRef = 414AB7B12BE5637100AFD126 /* QTUuid.swift */; };
		414D8F932BEA876400B9E103 /* QTEdts.swift in Sources */ = {isa = PBXBuildFile; fileRef = 414D8F922BEA876400B9E103 /* QTEdts.swift */; };
		414D8F952BEA87A600B9E103 /* QTElst.swift in Sources */ = {isa = PBXBuildFile; fileRef = 414D8F942BEA87A600B9E103 /* QTElst.swift */; };
		41DEFF152BDEFA9C00E001B8 /* main.swift in Sources */ = {isa = PBXBuildFile; fileRef = 41DEFF142BDEFA9C00E001B8 /* main.swift */; };
		41DEFF262BDEFB2500E001B8 /* QTMoov.swift in Sources */ = {isa = PBXBuildFile; fileRef = 41DEFF1B2BDEFB2500E001B8 /* QTMoov.swift */; };
		41DEFF272BDEFB2500E001B8 /* QTFTyp.swift in Sources */ = {isa = PBXBuildFile; fileRef = 41DEFF1C2BDEFB2500E001B8 /* QTFTyp.swift */; };
		41DEFF282BDEFB2500E001B8 /* QTAtom.swift in Sources */ = {isa = PBXBuildFile; fileRef = 41DEFF1D2BDEFB2500E001B8 /* QTAtom.swift */; };
		41DEFF292BDEFB2500E001B8 /* QTMinf.swift in Sources */ = {isa = PBXBuildFile; fileRef = 41DEFF1E2BDEFB2500E001B8 /* QTMinf.swift */; };
		41DEFF2A2BDEFB2500E001B8 /* QTStbl.swift in Sources */ = {isa = PBXBuildFile; fileRef = 41DEFF1F2BDEFB2500E001B8 /* QTStbl.swift */; };
		41DEFF2B2BDEFB2500E001B8 /* QTTrak.swift in Sources */ = {isa = PBXBuildFile; fileRef = 41DEFF202BDEFB2500E001B8 /* QTTrak.swift */; };
		41DEFF2C2BDEFB2500E001B8 /* QTMdat.swift in Sources */ = {isa = PBXBuildFile; fileRef = 41DEFF212BDEFB2500E001B8 /* QTMdat.swift */; };
		41DEFF2D2BDEFB2500E001B8 /* QTFree.swift in Sources */ = {isa = PBXBuildFile; fileRef = 41DEFF222BDEFB2500E001B8 /* QTFree.swift */; };
		41DEFF2F2BDEFB2500E001B8 /* QTDinf.swift in Sources */ = {isa = PBXBuildFile; fileRef = 41DEFF242BDEFB2500E001B8 /* QTDinf.swift */; };
		41DEFF302BDEFB2500E001B8 /* QTMdia.swift in Sources */ = {isa = PBXBuildFile; fileRef = 41DEFF252BDEFB2500E001B8 /* QTMdia.swift */; };
		41DEFF332BDEFB6F00E001B8 /* ArgumentParser in Frameworks */ = {isa = PBXBuildFile; productRef = 41DEFF322BDEFB6F00E001B8 /* ArgumentParser */; };
		41EC044E2BE1426900EBE1A5 /* QTDref.swift in Sources */ = {isa = PBXBuildFile; fileRef = 41EC044D2BE1426900EBE1A5 /* QTDref.swift */; };
		41EC04502BE1430500EBE1A5 /* QTMdhd.swift in Sources */ = {isa = PBXBuildFile; fileRef = 41EC044F2BE1430500EBE1A5 /* QTMdhd.swift */; };
		41EC04522BE1438300EBE1A5 /* QTHdlr.swift in Sources */ = {isa = PBXBuildFile; fileRef = 41EC04512BE1438300EBE1A5 /* QTHdlr.swift */; };
		41EC04542BE1441D00EBE1A5 /* QTMvhd.swift in Sources */ = {isa = PBXBuildFile; fileRef = 41EC04532BE1441D00EBE1A5 /* QTMvhd.swift */; };
		41EC04562BE1447000EBE1A5 /* QTTkhd.swift in Sources */ = {isa = PBXBuildFile; fileRef = 41EC04552BE1447000EBE1A5 /* QTTkhd.swift */; };
		41EC04582BE144BF00EBE1A5 /* QTStsd.swift in Sources */ = {isa = PBXBuildFile; fileRef = 41EC04572BE144BF00EBE1A5 /* QTStsd.swift */; };
		41EC045A2BE144DB00EBE1A5 /* QTStts.swift in Sources */ = {isa = PBXBuildFile; fileRef = 41EC04592BE144DB00EBE1A5 /* QTStts.swift */; };
		41EC045C2BE1450400EBE1A5 /* QTStsz.swift in Sources */ = {isa = PBXBuildFile; fileRef = 41EC045B2BE1450400EBE1A5 /* QTStsz.swift */; };
		41EC045E2BE1459300EBE1A5 /* QTStco.swift in Sources */ = {isa = PBXBuildFile; fileRef = 41EC045D2BE1459300EBE1A5 /* QTStco.swift */; };
		41EC04602BE1475100EBE1A5 /* QTSmhd.swift in Sources */ = {isa = PBXBuildFile; fileRef = 41EC045F2BE1475100EBE1A5 /* QTSmhd.swift */; };
		41EC04622BE1479700EBE1A5 /* QTStsc.swift in Sources */ = {isa = PBXBuildFile; fileRef = 41EC04612BE1479700EBE1A5 /* QTStsc.swift */; };
/* End PBXBuildFile section */

/* Begin PBXCopyFilesBuildPhase section */
		41DEFF0F2BDEFA9C00E001B8 /* CopyFiles */ = {
			isa = PBXCopyFilesBuildPhase;
			buildActionMask = 2147483647;
			dstPath = /usr/share/man/man1/;
			dstSubfolderSpec = 0;
			files = (
			);
			runOnlyForDeploymentPostprocessing = 1;
		};
/* End PBXCopyFilesBuildPhase section */

/* Begin PBXFileReference section */
		4107787D2BE16EC700CCBC09 /* QTUtility.swift */ = {isa = PBXFileReference; lastKnownFileType = sourcecode.swift; path = QTUtility.swift; sourceTree = "<group>"; };
		410FE2842BE7C20D007F9248 /* QTCtts.swift */ = {isa = PBXFileReference; lastKnownFileType = sourcecode.swift; path = QTCtts.swift; sourceTree = "<group>"; };
		410FE2862BE7C3AD007F9248 /* QTStss.swift */ = {isa = PBXFileReference; lastKnownFileType = sourcecode.swift; path = QTStss.swift; sourceTree = "<group>"; };
		414AB7AF2BE5624D00AFD126 /* QTMeta.swift */ = {isa = PBXFileReference; lastKnownFileType = sourcecode.swift; path = QTMeta.swift; sourceTree = "<group>"; };
		414AB7B12BE5637100AFD126 /* QTUuid.swift */ = {isa = PBXFileReference; lastKnownFileType = sourcecode.swift; path = QTUuid.swift; sourceTree = "<group>"; };
		414D8F922BEA876400B9E103 /* QTEdts.swift */ = {isa = PBXFileReference; lastKnownFileType = sourcecode.swift; path = QTEdts.swift; sourceTree = "<group>"; };
		414D8F942BEA87A600B9E103 /* QTElst.swift */ = {isa = PBXFileReference; lastKnownFileType = sourcecode.swift; path = QTElst.swift; sourceTree = "<group>"; };
		41DEFF112BDEFA9C00E001B8 /* MP4AtomParser */ = {isa = PBXFileReference; explicitFileType = "compiled.mach-o.executable"; includeInIndex = 0; path = MP4AtomParser; sourceTree = BUILT_PRODUCTS_DIR; };
		41DEFF142BDEFA9C00E001B8 /* main.swift */ = {isa = PBXFileReference; lastKnownFileType = sourcecode.swift; path = main.swift; sourceTree = "<group>"; };
		41DEFF1B2BDEFB2500E001B8 /* QTMoov.swift */ = {isa = PBXFileReference; fileEncoding = 4; lastKnownFileType = sourcecode.swift; path = QTMoov.swift; sourceTree = "<group>"; };
		41DEFF1C2BDEFB2500E001B8 /* QTFTyp.swift */ = {isa = PBXFileReference; fileEncoding = 4; lastKnownFileType = sourcecode.swift; path = QTFTyp.swift; sourceTree = "<group>"; };
		41DEFF1D2BDEFB2500E001B8 /* QTAtom.swift */ = {isa = PBXFileReference; fileEncoding = 4; lastKnownFileType = sourcecode.swift; path = QTAtom.swift; sourceTree = "<group>"; };
		41DEFF1E2BDEFB2500E001B8 /* QTMinf.swift */ = {isa = PBXFileReference; fileEncoding = 4; lastKnownFileType = sourcecode.swift; path = QTMinf.swift; sourceTree = "<group>"; };
		41DEFF1F2BDEFB2500E001B8 /* QTStbl.swift */ = {isa = PBXFileReference; fileEncoding = 4; lastKnownFileType = sourcecode.swift; path = QTStbl.swift; sourceTree = "<group>"; };
		41DEFF202BDEFB2500E001B8 /* QTTrak.swift */ = {isa = PBXFileReference; fileEncoding = 4; lastKnownFileType = sourcecode.swift; path = QTTrak.swift; sourceTree = "<group>"; };
		41DEFF212BDEFB2500E001B8 /* QTMdat.swift */ = {isa = PBXFileReference; fileEncoding = 4; lastKnownFileType = sourcecode.swift; path = QTMdat.swift; sourceTree = "<group>"; };
		41DEFF222BDEFB2500E001B8 /* QTFree.swift */ = {isa = PBXFileReference; fileEncoding = 4; lastKnownFileType = sourcecode.swift; path = QTFree.swift; sourceTree = "<group>"; };
		41DEFF242BDEFB2500E001B8 /* QTDinf.swift */ = {isa = PBXFileReference; fileEncoding = 4; lastKnownFileType = sourcecode.swift; path = QTDinf.swift; sourceTree = "<group>"; };
		41DEFF252BDEFB2500E001B8 /* QTMdia.swift */ = {isa = PBXFileReference; fileEncoding = 4; lastKnownFileType = sourcecode.swift; path = QTMdia.swift; sourceTree = "<group>"; };
		41DEFF342BDEFCBE00E001B8 /* README.md */ = {isa = PBXFileReference; lastKnownFileType = net.daringfireball.markdown; path = README.md; sourceTree = "<group>"; };
		41EC044D2BE1426900EBE1A5 /* QTDref.swift */ = {isa = PBXFileReference; lastKnownFileType = sourcecode.swift; path = QTDref.swift; sourceTree = "<group>"; };
		41EC044F2BE1430500EBE1A5 /* QTMdhd.swift */ = {isa = PBXFileReference; lastKnownFileType = sourcecode.swift; path = QTMdhd.swift; sourceTree = "<group>"; };
		41EC04512BE1438300EBE1A5 /* QTHdlr.swift */ = {isa = PBXFileReference; lastKnownFileType = sourcecode.swift; path = QTHdlr.swift; sourceTree = "<group>"; };
		41EC04532BE1441D00EBE1A5 /* QTMvhd.swift */ = {isa = PBXFileReference; lastKnownFileType = sourcecode.swift; path = QTMvhd.swift; sourceTree = "<group>"; };
		41EC04552BE1447000EBE1A5 /* QTTkhd.swift */ = {isa = PBXFileReference; lastKnownFileType = sourcecode.swift; path = QTTkhd.swift; sourceTree = "<group>"; };
		41EC04572BE144BF00EBE1A5 /* QTStsd.swift */ = {isa = PBXFileReference; lastKnownFileType = sourcecode.swift; path = QTStsd.swift; sourceTree = "<group>"; };
		41EC04592BE144DB00EBE1A5 /* QTStts.swift */ = {isa = PBXFileReference; lastKnownFileType = sourcecode.swift; path = QTStts.swift; sourceTree = "<group>"; };
		41EC045B2BE1450400EBE1A5 /* QTStsz.swift */ = {isa = PBXFileReference; lastKnownFileType = sourcecode.swift; path = QTStsz.swift; sourceTree = "<group>"; };
		41EC045D2BE1459300EBE1A5 /* QTStco.swift */ = {isa = PBXFileReference; lastKnownFileType = sourcecode.swift; path = QTStco.swift; sourceTree = "<group>"; };
		41EC045F2BE1475100EBE1A5 /* QTSmhd.swift */ = {isa = PBXFileReference; lastKnownFileType = sourcecode.swift; path = QTSmhd.swift; sourceTree = "<group>"; };
		41EC04612BE1479700EBE1A5 /* QTStsc.swift */ = {isa = PBXFileReference; lastKnownFileType = sourcecode.swift; path = QTStsc.swift; sourceTree = "<group>"; };
/* End PBXFileReference section */

/* Begin PBXFrameworksBuildPhase section */
		41DEFF0E2BDEFA9C00E001B8 /* Frameworks */ = {
			isa = PBXFrameworksBuildPhase;
			buildActionMask = 2147483647;
			files = (
				41DEFF332BDEFB6F00E001B8 /* ArgumentParser in Frameworks */,
			);
			runOnlyForDeploymentPostprocessing = 0;
		};
/* End PBXFrameworksBuildPhase section */

/* Begin PBXGroup section */
		41DEFF082BDEFA9B00E001B8 = {
			isa = PBXGroup;
			children = (
				41DEFF132BDEFA9C00E001B8 /* MP4AtomParser */,
				41DEFF342BDEFCBE00E001B8 /* README.md */,
				41DEFF122BDEFA9C00E001B8 /* Products */,
			);
			sourceTree = "<group>";
		};
		41DEFF122BDEFA9C00E001B8 /* Products */ = {
			isa = PBXGroup;
			children = (
				41DEFF112BDEFA9C00E001B8 /* MP4AtomParser */,
			);
			name = Products;
			sourceTree = "<group>";
		};
		41DEFF132BDEFA9C00E001B8 /* MP4AtomParser */ = {
			isa = PBXGroup;
			children = (
				41DEFF142BDEFA9C00E001B8 /* main.swift */,
				41DEFF1D2BDEFB2500E001B8 /* QTAtom.swift */,
				41DEFF1C2BDEFB2500E001B8 /* QTFTyp.swift */,
				41DEFF222BDEFB2500E001B8 /* QTFree.swift */,
				41DEFF212BDEFB2500E001B8 /* QTMdat.swift */,
				414AB7AF2BE5624D00AFD126 /* QTMeta.swift */,
				414AB7B12BE5637100AFD126 /* QTUuid.swift */,
				41EC044C2BE1423600EBE1A5 /* moov */,
				4107787D2BE16EC700CCBC09 /* QTUtility.swift */,
			);
			path = MP4AtomParser;
			sourceTree = "<group>";
		};
		41EC044C2BE1423600EBE1A5 /* moov */ = {
			isa = PBXGroup;
			children = (
				41DEFF1B2BDEFB2500E001B8 /* QTMoov.swift */,
				41EC04532BE1441D00EBE1A5 /* QTMvhd.swift */,
				41DEFF202BDEFB2500E001B8 /* QTTrak.swift */,
				41EC04552BE1447000EBE1A5 /* QTTkhd.swift */,
				41DEFF252BDEFB2500E001B8 /* QTMdia.swift */,
				41EC044F2BE1430500EBE1A5 /* QTMdhd.swift */,
				41EC04512BE1438300EBE1A5 /* QTHdlr.swift */,
				41DEFF1E2BDEFB2500E001B8 /* QTMinf.swift */,
				41DEFF242BDEFB2500E001B8 /* QTDinf.swift */,
				41EC044D2BE1426900EBE1A5 /* QTDref.swift */,
				41DEFF1F2BDEFB2500E001B8 /* QTStbl.swift */,
				41EC045F2BE1475100EBE1A5 /* QTSmhd.swift */,
				41EC04592BE144DB00EBE1A5 /* QTStts.swift */,
				410FE2842BE7C20D007F9248 /* QTCtts.swift */,
				41EC04572BE144BF00EBE1A5 /* QTStsd.swift */,
				41EC045B2BE1450400EBE1A5 /* QTStsz.swift */,
				41EC04612BE1479700EBE1A5 /* QTStsc.swift */,
				41EC045D2BE1459300EBE1A5 /* QTStco.swift */,
				410FE2862BE7C3AD007F9248 /* QTStss.swift */,
				414D8F922BEA876400B9E103 /* QTEdts.swift */,
				414D8F942BEA87A600B9E103 /* QTElst.swift */,
			);
			path = moov;
			sourceTree = "<group>";
		};
/* End PBXGroup section */

/* Begin PBXNativeTarget section */
		41DEFF102BDEFA9C00E001B8 /* MP4AtomParser */ = {
			isa = PBXNativeTarget;
			buildConfigurationList = 41DEFF182BDEFA9C00E001B8 /* Build configuration list for PBXNativeTarget "MP4AtomParser" */;
			buildPhases = (
				41DEFF0D2BDEFA9C00E001B8 /* Sources */,
				41DEFF0E2BDEFA9C00E001B8 /* Frameworks */,
				41DEFF0F2BDEFA9C00E001B8 /* CopyFiles */,
			);
			buildRules = (
			);
			dependencies = (
			);
			name = MP4AtomParser;
			packageProductDependencies = (
				41DEFF322BDEFB6F00E001B8 /* ArgumentParser */,
			);
			productName = MP4AtomParser;
			productReference = 41DEFF112BDEFA9C00E001B8 /* MP4AtomParser */;
			productType = "com.apple.product-type.tool";
		};
/* End PBXNativeTarget section */

/* Begin PBXProject section */
		41DEFF092BDEFA9B00E001B8 /* Project object */ = {
			isa = PBXProject;
			attributes = {
				BuildIndependentTargetsInParallel = 1;
				LastSwiftUpdateCheck = 1530;
				LastUpgradeCheck = 1530;
				TargetAttributes = {
					41DEFF102BDEFA9C00E001B8 = {
						CreatedOnToolsVersion = 15.3;
					};
				};
			};
			buildConfigurationList = 41DEFF0C2BDEFA9B00E001B8 /* Build configuration list for PBXProject "MP4AtomParser" */;
			compatibilityVersion = "Xcode 14.0";
			developmentRegion = en;
			hasScannedForEncodings = 0;
			knownRegions = (
				en,
				Base,
			);
			mainGroup = 41DEFF082BDEFA9B00E001B8;
			packageReferences = (
				41DEFF312BDEFB6F00E001B8 /* XCRemoteSwiftPackageReference "swift-argument-parser" */,
			);
			productRefGroup = 41DEFF122BDEFA9C00E001B8 /* Products */;
			projectDirPath = "";
			projectRoot = "";
			targets = (
				41DEFF102BDEFA9C00E001B8 /* MP4AtomParser */,
			);
		};
/* End PBXProject section */

/* Begin PBXSourcesBuildPhase section */
		41DEFF0D2BDEFA9C00E001B8 /* Sources */ = {
			isa = PBXSourcesBuildPhase;
			buildActionMask = 2147483647;
			files = (
				414D8F932BEA876400B9E103 /* QTEdts.swift in Sources */,
				41DEFF2D2BDEFB2500E001B8 /* QTFree.swift in Sources */,
				414D8F952BEA87A600B9E103 /* QTElst.swift in Sources */,
				414AB7B02BE5624D00AFD126 /* QTMeta.swift in Sources */,
				41EC04622BE1479700EBE1A5 /* QTStsc.swift in Sources */,
				41DEFF2B2BDEFB2500E001B8 /* QTTrak.swift in Sources */,
				41EC044E2BE1426900EBE1A5 /* QTDref.swift in Sources */,
				41DEFF2F2BDEFB2500E001B8 /* QTDinf.swift in Sources */,
				41EC045A2BE144DB00EBE1A5 /* QTStts.swift in Sources */,
				41EC04522BE1438300EBE1A5 /* QTHdlr.swift in Sources */,
				410FE2852BE7C20D007F9248 /* QTCtts.swift in Sources */,
				41EC045E2BE1459300EBE1A5 /* QTStco.swift in Sources */,
				41EC04582BE144BF00EBE1A5 /* QTStsd.swift in Sources */,
				41EC04502BE1430500EBE1A5 /* QTMdhd.swift in Sources */,
				410FE2872BE7C3AD007F9248 /* QTStss.swift in Sources */,
				41EC04602BE1475100EBE1A5 /* QTSmhd.swift in Sources */,
				41DEFF152BDEFA9C00E001B8 /* main.swift in Sources */,
				41DEFF2C2BDEFB2500E001B8 /* QTMdat.swift in Sources */,
				41DEFF2A2BDEFB2500E001B8 /* QTStbl.swift in Sources */,
				41DEFF302BDEFB2500E001B8 /* QTMdia.swift in Sources */,
				414AB7B22BE5637100AFD126 /* QTUuid.swift in Sources */,
				41EC04542BE1441D00EBE1A5 /* QTMvhd.swift in Sources */,
				41EC04562BE1447000EBE1A5 /* QTTkhd.swift in Sources */,
				41DEFF282BDEFB2500E001B8 /* QTAtom.swift in Sources */,
				4107787E2BE16EC700CCBC09 /* QTUtility.swift in Sources */,
				41EC045C2BE1450400EBE1A5 /* QTStsz.swift in Sources */,
				41DEFF272BDEFB2500E001B8 /* QTFTyp.swift in Sources */,
				41DEFF262BDEFB2500E001B8 /* QTMoov.swift in Sources */,
				41DEFF292BDEFB2500E001B8 /* QTMinf.swift in Sources */,
			);
			runOnlyForDeploymentPostprocessing = 0;
		};
/* End PBXSourcesBuildPhase section */

/* Begin XCBuildConfiguration section */
		41DEFF162BDEFA9C00E001B8 /* Debug */ = {
			isa = XCBuildConfiguration;
			buildSettings = {
				ALWAYS_SEARCH_USER_PATHS = NO;
				ASSETCATALOG_COMPILER_GENERATE_SWIFT_ASSET_SYMBOL_EXTENSIONS = YES;
				CLANG_ANALYZER_NONNULL = YES;
				CLANG_ANALYZER_NUMBER_OBJECT_CONVERSION = YES_AGGRESSIVE;
				CLANG_CXX_LANGUAGE_STANDARD = "gnu++20";
				CLANG_ENABLE_MODULES = YES;
				CLANG_ENABLE_OBJC_ARC = YES;
				CLANG_ENABLE_OBJC_WEAK = YES;
				CLANG_WARN_BLOCK_CAPTURE_AUTORELEASING = YES;
				CLANG_WARN_BOOL_CONVERSION = YES;
				CLANG_WARN_COMMA = YES;
				CLANG_WARN_CONSTANT_CONVERSION = YES;
				CLANG_WARN_DEPRECATED_OBJC_IMPLEMENTATIONS = YES;
				CLANG_WARN_DIRECT_OBJC_ISA_USAGE = YES_ERROR;
				CLANG_WARN_DOCUMENTATION_COMMENTS = YES;
				CLANG_WARN_EMPTY_BODY = YES;
				CLANG_WARN_ENUM_CONVERSION = YES;
				CLANG_WARN_INFINITE_RECURSION = YES;
				CLANG_WARN_INT_CONVERSION = YES;
				CLANG_WARN_NON_LITERAL_NULL_CONVERSION = YES;
				CLANG_WARN_OBJC_IMPLICIT_RETAIN_SELF = YES;
				CLANG_WARN_OBJC_LITERAL_CONVERSION = YES;
				CLANG_WARN_OBJC_ROOT_CLASS = YES_ERROR;
				CLANG_WARN_QUOTED_INCLUDE_IN_FRAMEWORK_HEADER = YES;
				CLANG_WARN_RANGE_LOOP_ANALYSIS = YES;
				CLANG_WARN_STRICT_PROTOTYPES = YES;
				CLANG_WARN_SUSPICIOUS_MOVE = YES;
				CLANG_WARN_UNGUARDED_AVAILABILITY = YES_AGGRESSIVE;
				CLANG_WARN_UNREACHABLE_CODE = YES;
				CLANG_WARN__DUPLICATE_METHOD_MATCH = YES;
				COPY_PHASE_STRIP = NO;
				DEBUG_INFORMATION_FORMAT = dwarf;
				ENABLE_STRICT_OBJC_MSGSEND = YES;
				ENABLE_TESTABILITY = YES;
				ENABLE_USER_SCRIPT_SANDBOXING = YES;
				GCC_C_LANGUAGE_STANDARD = gnu17;
				GCC_DYNAMIC_NO_PIC = NO;
				GCC_NO_COMMON_BLOCKS = YES;
				GCC_OPTIMIZATION_LEVEL = 0;
				GCC_PREPROCESSOR_DEFINITIONS = (
					"DEBUG=1",
					"$(inherited)",
				);
				GCC_WARN_64_TO_32_BIT_CONVERSION = YES;
				GCC_WARN_ABOUT_RETURN_TYPE = YES_ERROR;
				GCC_WARN_UNDECLARED_SELECTOR = YES;
				GCC_WARN_UNINITIALIZED_AUTOS = YES_AGGRESSIVE;
				GCC_WARN_UNUSED_FUNCTION = YES;
				GCC_WARN_UNUSED_VARIABLE = YES;
				LOCALIZATION_PREFERS_STRING_CATALOGS = YES;
				MACOSX_DEPLOYMENT_TARGET = 14.4;
				MTL_ENABLE_DEBUG_INFO = INCLUDE_SOURCE;
				MTL_FAST_MATH = YES;
				ONLY_ACTIVE_ARCH = YES;
				SDKROOT = macosx;
				SWIFT_ACTIVE_COMPILATION_CONDITIONS = "DEBUG $(inherited)";
				SWIFT_OPTIMIZATION_LEVEL = "-Onone";
			};
			name = Debug;
		};
		41DEFF172BDEFA9C00E001B8 /* Release */ = {
			isa = XCBuildConfiguration;
			buildSettings = {
				ALWAYS_SEARCH_USER_PATHS = NO;
				ASSETCATALOG_COMPILER_GENERATE_SWIFT_ASSET_SYMBOL_EXTENSIONS = YES;
				CLANG_ANALYZER_NONNULL = YES;
				CLANG_ANALYZER_NUMBER_OBJECT_CONVERSION = YES_AGGRESSIVE;
				CLANG_CXX_LANGUAGE_STANDARD = "gnu++20";
				CLANG_ENABLE_MODULES = YES;
				CLANG_ENABLE_OBJC_ARC = YES;
				CLANG_ENABLE_OBJC_WEAK = YES;
				CLANG_WARN_BLOCK_CAPTURE_AUTORELEASING = YES;
				CLANG_WARN_BOOL_CONVERSION = YES;
				CLANG_WARN_COMMA = YES;
				CLANG_WARN_CONSTANT_CONVERSION = YES;
				CLANG_WARN_DEPRECATED_OBJC_IMPLEMENTATIONS = YES;
				CLANG_WARN_DIRECT_OBJC_ISA_USAGE = YES_ERROR;
				CLANG_WARN_DOCUMENTATION_COMMENTS = YES;
				CLANG_WARN_EMPTY_BODY = YES;
				CLANG_WARN_ENUM_CONVERSION = YES;
				CLANG_WARN_INFINITE_RECURSION = YES;
				CLANG_WARN_INT_CONVERSION = YES;
				CLANG_WARN_NON_LITERAL_NULL_CONVERSION = YES;
				CLANG_WARN_OBJC_IMPLICIT_RETAIN_SELF = YES;
				CLANG_WARN_OBJC_LITERAL_CONVERSION = YES;
				CLANG_WARN_OBJC_ROOT_CLASS = YES_ERROR;
				CLANG_WARN_QUOTED_INCLUDE_IN_FRAMEWORK_HEADER = YES;
				CLANG_WARN_RANGE_LOOP_ANALYSIS = YES;
				CLANG_WARN_STRICT_PROTOTYPES = YES;
				CLANG_WARN_SUSPICIOUS_MOVE = YES;
				CLANG_WARN_UNGUARDED_AVAILABILITY = YES_AGGRESSIVE;
				CLANG_WARN_UNREACHABLE_CODE = YES;
				CLANG_WARN__DUPLICATE_METHOD_MATCH = YES;
				COPY_PHASE_STRIP = NO;
				DEBUG_INFORMATION_FORMAT = "dwarf-with-dsym";
				ENABLE_NS_ASSERTIONS = NO;
				ENABLE_STRICT_OBJC_MSGSEND = YES;
				ENABLE_USER_SCRIPT_SANDBOXING = YES;
				GCC_C_LANGUAGE_STANDARD = gnu17;
				GCC_NO_COMMON_BLOCKS = YES;
				GCC_WARN_64_TO_32_BIT_CONVERSION = YES;
				GCC_WARN_ABOUT_RETURN_TYPE = YES_ERROR;
				GCC_WARN_UNDECLARED_SELECTOR = YES;
				GCC_WARN_UNINITIALIZED_AUTOS = YES_AGGRESSIVE;
				GCC_WARN_UNUSED_FUNCTION = YES;
				GCC_WARN_UNUSED_VARIABLE = YES;
				LOCALIZATION_PREFERS_STRING_CATALOGS = YES;
				MACOSX_DEPLOYMENT_TARGET = 14.4;
				MTL_ENABLE_DEBUG_INFO = NO;
				MTL_FAST_MATH = YES;
				SDKROOT = macosx;
				SWIFT_COMPILATION_MODE = wholemodule;
			};
			name = Release;
		};
		41DEFF192BDEFA9C00E001B8 /* Debug */ = {
			isa = XCBuildConfiguration;
			buildSettings = {
				CODE_SIGN_STYLE = Automatic;
				DEVELOPMENT_TEAM = FLBHDZQ3QA;
				ENABLE_HARDENED_RUNTIME = YES;
				PRODUCT_NAME = "$(TARGET_NAME)";
				SWIFT_VERSION = 5.0;
			};
			name = Debug;
		};
		41DEFF1A2BDEFA9C00E001B8 /* Release */ = {
			isa = XCBuildConfiguration;
			buildSettings = {
				CODE_SIGN_STYLE = Automatic;
				DEVELOPMENT_TEAM = FLBHDZQ3QA;
				ENABLE_HARDENED_RUNTIME = YES;
				PRODUCT_NAME = "$(TARGET_NAME)";
				SWIFT_VERSION = 5.0;
			};
			name = Release;
		};
/* End XCBuildConfiguration section */

/* Begin XCConfigurationList section */
		41DEFF0C2BDEFA9B00E001B8 /* Build configuration list for PBXProject "MP4AtomParser" */ = {
			isa = XCConfigurationList;
			buildConfigurations = (
				41DEFF162BDEFA9C00E001B8 /* Debug */,
				41DEFF172BDEFA9C00E001B8 /* Release */,
			);
			defaultConfigurationIsVisible = 0;
			defaultConfigurationName = Release;
		};
		41DEFF182BDEFA9C00E001B8 /* Build configuration list for PBXNativeTarget "MP4AtomParser" */ = {
			isa = XCConfigurationList;
			buildConfigurations = (
				41DEFF192BDEFA9C00E001B8 /* Debug */,
				41DEFF1A2BDEFA9C00E001B8 /* Release */,
			);
			defaultConfigurationIsVisible = 0;
			defaultConfigurationName = Release;
		};
/* End XCConfigurationList section */

/* Begin XCRemoteSwiftPackageReference section */
		41DEFF312BDEFB6F00E001B8 /* XCRemoteSwiftPackageReference "swift-argument-parser" */ = {
			isa = XCRemoteSwiftPackageReference;
			repositoryURL = "https://github.com/apple/swift-argument-parser.git";
			requirement = {
				kind = upToNextMajorVersion;
				minimumVersion = 1.3.1;
			};
		};
/* End XCRemoteSwiftPackageReference section */

/* Begin XCSwiftPackageProductDependency section */
		41DEFF322BDEFB6F00E001B8 /* ArgumentParser */ = {
			isa = XCSwiftPackageProductDependency;
			package = 41DEFF312BDEFB6F00E001B8 /* XCRemoteSwiftPackageReference "swift-argument-parser" */;
			productName = ArgumentParser;
		};
/* End XCSwiftPackageProductDependency section */
	};
	rootObject = 41DEFF092BDEFA9B00E001B8 /* Project object */;
}
